
Microsoft Visual Studio Solution File, Format Version 12.00
# Visual Studio 15
VisualStudioVersion = 15.0.28307.1145
MinimumVisualStudioVersion = 10.0.40219.1
Project("{159641D6-6404-4A2A-AE62-294DE0FE8301}") = "Enote", "Enote\Enote.dtproj", "{0D76FFC8-B122-4848-9D8D-2FE3240FDDE9}"
EndProject
Global
	GlobalSection(SolutionConfigurationPlatforms) = preSolution
		Development|Default = Development|Default
	EndGlobalSection
	GlobalSection(ProjectConfigurationPlatforms) = postSolution
		{0D76FFC8-B122-4848-9D8D-2FE3240FDDE9}.Development|Default.ActiveCfg = Development
		{0D76FFC8-B122-4848-9D8D-2FE3240FDDE9}.Development|Default.Build.0 = Development
	EndGlobalSection
	GlobalSection(SolutionProperties) = preSolution
		HideSolutionNode = FALSE
	EndGlobalSection
	GlobalSection(ExtensibilityGlobals) = postSolution
		SolutionGuid = {A99B607C-1A0B-41D5-BD81-A7E790338700}
	EndGlobalSection
EndGlobal
